// !$*UTF8*$!
{
	archiveVersion = 1;
	classes = {
	};
	objectVersion = 55;
	objects = {

/* Begin PBXBuildFile section */
		7530F31428353E3100A4796B /* AppDelegate.swift in Sources */ = {isa = PBXBuildFile; fileRef = 7530F31328353E3100A4796B /* AppDelegate.swift */; };
		7530F31628353E3100A4796B /* SceneDelegate.swift in Sources */ = {isa = PBXBuildFile; fileRef = 7530F31528353E3100A4796B /* SceneDelegate.swift */; };
		7530F31828353E3100A4796B /* MapViewController.swift in Sources */ = {isa = PBXBuildFile; fileRef = 7530F31728353E3100A4796B /* MapViewController.swift */; };
		7530F31B28353E3100A4796B /* Main.storyboard in Resources */ = {isa = PBXBuildFile; fileRef = 7530F31928353E3100A4796B /* Main.storyboard */; };
		7530F31D28353E3200A4796B /* Assets.xcassets in Resources */ = {isa = PBXBuildFile; fileRef = 7530F31C28353E3200A4796B /* Assets.xcassets */; };
		7530F32028353E3200A4796B /* LaunchScreen.storyboard in Resources */ = {isa = PBXBuildFile; fileRef = 7530F31E28353E3200A4796B /* LaunchScreen.storyboard */; };
		7556EA32283BB8A600950C7C /* RealmService.swift in Sources */ = {isa = PBXBuildFile; fileRef = 7556EA31283BB8A600950C7C /* RealmService.swift */; };
		7556EA34283BB8C200950C7C /* LocalRouteFactory.swift in Sources */ = {isa = PBXBuildFile; fileRef = 7556EA33283BB8C200950C7C /* LocalRouteFactory.swift */; };
		7556EA36283BB8D400950C7C /* Coordinate.swift in Sources */ = {isa = PBXBuildFile; fileRef = 7556EA35283BB8D400950C7C /* Coordinate.swift */; };
		7556EA39283BBA6600950C7C /* GoogleMaps in Frameworks */ = {isa = PBXBuildFile; productRef = 7556EA38283BBA6600950C7C /* GoogleMaps */; };
		7556EA3B283BBA6600950C7C /* GoogleMapsBase in Frameworks */ = {isa = PBXBuildFile; productRef = 7556EA3A283BBA6600950C7C /* GoogleMapsBase */; };
		7556EA3D283BBA6600950C7C /* GoogleMapsCore in Frameworks */ = {isa = PBXBuildFile; productRef = 7556EA3C283BBA6600950C7C /* GoogleMapsCore */; };
		7556EA3F283BBA6600950C7C /* GoogleMapsM4B in Frameworks */ = {isa = PBXBuildFile; productRef = 7556EA3E283BBA6600950C7C /* GoogleMapsM4B */; };
		7556EA41283BBA6600950C7C /* GooglePlaces in Frameworks */ = {isa = PBXBuildFile; productRef = 7556EA40283BBA6600950C7C /* GooglePlaces */; };
		7556EA44283BBAE800950C7C /* Realm in Frameworks */ = {isa = PBXBuildFile; productRef = 7556EA43283BBAE800950C7C /* Realm */; };
		7556EA46283BBAE800950C7C /* RealmSwift in Frameworks */ = {isa = PBXBuildFile; productRef = 7556EA45283BBAE800950C7C /* RealmSwift */; };
		75A153AD283FBA03001C4C2A /* AbstractUserManager.swift in Sources */ = {isa = PBXBuildFile; fileRef = 75A153AC283FBA03001C4C2A /* AbstractUserManager.swift */; };
		75A153AF283FBA0D001C4C2A /* RealmUserManager.swift in Sources */ = {isa = PBXBuildFile; fileRef = 75A153AE283FBA0D001C4C2A /* RealmUserManager.swift */; };
		75A153B1283FBA14001C4C2A /* UserManagerFactory.swift in Sources */ = {isa = PBXBuildFile; fileRef = 75A153B0283FBA14001C4C2A /* UserManagerFactory.swift */; };
		75A153B4283FBA56001C4C2A /* Map.storyboard in Resources */ = {isa = PBXBuildFile; fileRef = 75A153B3283FBA56001C4C2A /* Map.storyboard */; };
		75A153B7283FBA6A001C4C2A /* MainViewController.swift in Sources */ = {isa = PBXBuildFile; fileRef = 75A153B6283FBA6A001C4C2A /* MainViewController.swift */; };
		75A153B9283FBA73001C4C2A /* MainRouter.swift in Sources */ = {isa = PBXBuildFile; fileRef = 75A153B8283FBA72001C4C2A /* MainRouter.swift */; };
		75A153BE283FBAAB001C4C2A /* ViewControllerNavigationExtension.swift in Sources */ = {isa = PBXBuildFile; fileRef = 75A153BD283FBAAB001C4C2A /* ViewControllerNavigationExtension.swift */; };
		75A153C3283FBAF6001C4C2A /* BaseRouter.swift in Sources */ = {isa = PBXBuildFile; fileRef = 75A153C2283FBAF6001C4C2A /* BaseRouter.swift */; };
		75A153C5283FBB02001C4C2A /* User.swift in Sources */ = {isa = PBXBuildFile; fileRef = 75A153C4283FBB02001C4C2A /* User.swift */; };
		75A153CA283FBB86001C4C2A /* Login.storyboard in Resources */ = {isa = PBXBuildFile; fileRef = 75A153C9283FBB86001C4C2A /* Login.storyboard */; };
		75A153CD283FBB99001C4C2A /* LoginViewController.swift in Sources */ = {isa = PBXBuildFile; fileRef = 75A153CC283FBB99001C4C2A /* LoginViewController.swift */; };
		75A153CF283FBBA7001C4C2A /* LoginRouter.swift in Sources */ = {isa = PBXBuildFile; fileRef = 75A153CE283FBBA7001C4C2A /* LoginRouter.swift */; };
		75A153D3283FBC2F001C4C2A /* Registration.storyboard in Resources */ = {isa = PBXBuildFile; fileRef = 75A153D2283FBC2F001C4C2A /* Registration.storyboard */; };
		75A153D5283FBC40001C4C2A /* RegistrationViewController.swift in Sources */ = {isa = PBXBuildFile; fileRef = 75A153D4283FBC40001C4C2A /* RegistrationViewController.swift */; };
		75A153D7283FBC4E001C4C2A /* RegistrationRouter.swift in Sources */ = {isa = PBXBuildFile; fileRef = 75A153D6283FBC4E001C4C2A /* RegistrationRouter.swift */; };
		75A153D9283FBC5F001C4C2A /* Recovery.storyboard in Resources */ = {isa = PBXBuildFile; fileRef = 75A153D8283FBC5F001C4C2A /* Recovery.storyboard */; };
		75A153DB283FBC6E001C4C2A /* RecoveryViewController.swift in Sources */ = {isa = PBXBuildFile; fileRef = 75A153DA283FBC6E001C4C2A /* RecoveryViewController.swift */; };
		75A153DD283FBC7C001C4C2A /* RecoveryRouter.swift in Sources */ = {isa = PBXBuildFile; fileRef = 75A153DC283FBC7C001C4C2A /* RecoveryRouter.swift */; };
		75A153E0283FBCF2001C4C2A /* PinLayout in Frameworks */ = {isa = PBXBuildFile; productRef = 75A153DF283FBCF2001C4C2A /* PinLayout */; };
		75A153E2283FBCF9001C4C2A /* GMSMapViewExtension.swift in Sources */ = {isa = PBXBuildFile; fileRef = 75A153E1283FBCF9001C4C2A /* GMSMapViewExtension.swift */; };
		75C6A02E28478EA4001BAE09 /* AppKeyConstans.swift in Sources */ = {isa = PBXBuildFile; fileRef = 75C6A02D28478EA4001BAE09 /* AppKeyConstans.swift */; };
		DD0EF633716F3B66D0A9F9CA /* Pods_GBMap.framework in Frameworks */ = {isa = PBXBuildFile; fileRef = 713A055DE7542DEEBBF32BF6 /* Pods_GBMap.framework */; };
/* End PBXBuildFile section */

/* Begin PBXFileReference section */
		2CB497D70952DB637DCC2EE6 /* Pods-GBMap.debug.xcconfig */ = {isa = PBXFileReference; includeInIndex = 1; lastKnownFileType = text.xcconfig; name = "Pods-GBMap.debug.xcconfig"; path = "Target Support Files/Pods-GBMap/Pods-GBMap.debug.xcconfig"; sourceTree = "<group>"; };
		713A055DE7542DEEBBF32BF6 /* Pods_GBMap.framework */ = {isa = PBXFileReference; explicitFileType = wrapper.framework; includeInIndex = 0; path = Pods_GBMap.framework; sourceTree = BUILT_PRODUCTS_DIR; };
		7530F31028353E3100A4796B /* GBMap.app */ = {isa = PBXFileReference; explicitFileType = wrapper.application; includeInIndex = 0; path = GBMap.app; sourceTree = BUILT_PRODUCTS_DIR; };
		7530F31328353E3100A4796B /* AppDelegate.swift */ = {isa = PBXFileReference; lastKnownFileType = sourcecode.swift; path = AppDelegate.swift; sourceTree = "<group>"; };
		7530F31528353E3100A4796B /* SceneDelegate.swift */ = {isa = PBXFileReference; lastKnownFileType = sourcecode.swift; path = SceneDelegate.swift; sourceTree = "<group>"; };
		7530F31728353E3100A4796B /* MapViewController.swift */ = {isa = PBXFileReference; lastKnownFileType = sourcecode.swift; path = MapViewController.swift; sourceTree = "<group>"; };
		7530F31A28353E3100A4796B /* Base */ = {isa = PBXFileReference; lastKnownFileType = file.storyboard; name = Base; path = Base.lproj/Main.storyboard; sourceTree = "<group>"; };
		7530F31C28353E3200A4796B /* Assets.xcassets */ = {isa = PBXFileReference; lastKnownFileType = folder.assetcatalog; path = Assets.xcassets; sourceTree = "<group>"; };
		7530F31F28353E3200A4796B /* Base */ = {isa = PBXFileReference; lastKnownFileType = file.storyboard; name = Base; path = Base.lproj/LaunchScreen.storyboard; sourceTree = "<group>"; };
		7530F32128353E3200A4796B /* Info.plist */ = {isa = PBXFileReference; lastKnownFileType = text.plist.xml; path = Info.plist; sourceTree = "<group>"; };
		7556EA31283BB8A600950C7C /* RealmService.swift */ = {isa = PBXFileReference; lastKnownFileType = sourcecode.swift; path = RealmService.swift; sourceTree = "<group>"; };
		7556EA33283BB8C200950C7C /* LocalRouteFactory.swift */ = {isa = PBXFileReference; lastKnownFileType = sourcecode.swift; name = LocalRouteFactory.swift; path = ../LocalRouteFactory.swift; sourceTree = "<group>"; };
		7556EA35283BB8D400950C7C /* Coordinate.swift */ = {isa = PBXFileReference; lastKnownFileType = sourcecode.swift; path = Coordinate.swift; sourceTree = "<group>"; };
		75A153AC283FBA03001C4C2A /* AbstractUserManager.swift */ = {isa = PBXFileReference; lastKnownFileType = sourcecode.swift; path = AbstractUserManager.swift; sourceTree = "<group>"; };
		75A153AE283FBA0D001C4C2A /* RealmUserManager.swift */ = {isa = PBXFileReference; lastKnownFileType = sourcecode.swift; path = RealmUserManager.swift; sourceTree = "<group>"; };
		75A153B0283FBA14001C4C2A /* UserManagerFactory.swift */ = {isa = PBXFileReference; lastKnownFileType = sourcecode.swift; path = UserManagerFactory.swift; sourceTree = "<group>"; };
		75A153B3283FBA56001C4C2A /* Map.storyboard */ = {isa = PBXFileReference; lastKnownFileType = file.storyboard; path = Map.storyboard; sourceTree = "<group>"; };
		75A153B6283FBA6A001C4C2A /* MainViewController.swift */ = {isa = PBXFileReference; lastKnownFileType = sourcecode.swift; path = MainViewController.swift; sourceTree = "<group>"; };
		75A153B8283FBA72001C4C2A /* MainRouter.swift */ = {isa = PBXFileReference; lastKnownFileType = sourcecode.swift; path = MainRouter.swift; sourceTree = "<group>"; };
		75A153BD283FBAAB001C4C2A /* ViewControllerNavigationExtension.swift */ = {isa = PBXFileReference; lastKnownFileType = sourcecode.swift; path = ViewControllerNavigationExtension.swift; sourceTree = "<group>"; };
		75A153C2283FBAF6001C4C2A /* BaseRouter.swift */ = {isa = PBXFileReference; lastKnownFileType = sourcecode.swift; path = BaseRouter.swift; sourceTree = "<group>"; };
		75A153C4283FBB02001C4C2A /* User.swift */ = {isa = PBXFileReference; lastKnownFileType = sourcecode.swift; path = User.swift; sourceTree = "<group>"; };
		75A153C9283FBB86001C4C2A /* Login.storyboard */ = {isa = PBXFileReference; lastKnownFileType = file.storyboard; path = Login.storyboard; sourceTree = "<group>"; };
		75A153CC283FBB99001C4C2A /* LoginViewController.swift */ = {isa = PBXFileReference; lastKnownFileType = sourcecode.swift; path = LoginViewController.swift; sourceTree = "<group>"; };
		75A153CE283FBBA7001C4C2A /* LoginRouter.swift */ = {isa = PBXFileReference; lastKnownFileType = sourcecode.swift; path = LoginRouter.swift; sourceTree = "<group>"; };
		75A153D2283FBC2F001C4C2A /* Registration.storyboard */ = {isa = PBXFileReference; lastKnownFileType = file.storyboard; path = Registration.storyboard; sourceTree = "<group>"; };
		75A153D4283FBC40001C4C2A /* RegistrationViewController.swift */ = {isa = PBXFileReference; lastKnownFileType = sourcecode.swift; path = RegistrationViewController.swift; sourceTree = "<group>"; };
		75A153D6283FBC4E001C4C2A /* RegistrationRouter.swift */ = {isa = PBXFileReference; lastKnownFileType = sourcecode.swift; path = RegistrationRouter.swift; sourceTree = "<group>"; };
		75A153D8283FBC5F001C4C2A /* Recovery.storyboard */ = {isa = PBXFileReference; lastKnownFileType = file.storyboard; path = Recovery.storyboard; sourceTree = "<group>"; };
		75A153DA283FBC6E001C4C2A /* RecoveryViewController.swift */ = {isa = PBXFileReference; lastKnownFileType = sourcecode.swift; path = RecoveryViewController.swift; sourceTree = "<group>"; };
		75A153DC283FBC7C001C4C2A /* RecoveryRouter.swift */ = {isa = PBXFileReference; lastKnownFileType = sourcecode.swift; path = RecoveryRouter.swift; sourceTree = "<group>"; };
		75A153E1283FBCF9001C4C2A /* GMSMapViewExtension.swift */ = {isa = PBXFileReference; lastKnownFileType = sourcecode.swift; path = GMSMapViewExtension.swift; sourceTree = "<group>"; };
		75C6A02D28478EA4001BAE09 /* AppKeyConstans.swift */ = {isa = PBXFileReference; lastKnownFileType = sourcecode.swift; path = AppKeyConstans.swift; sourceTree = "<group>"; };
		BC033ED0D5C7D4B07CCBAB3C /* Pods-GBMap.release.xcconfig */ = {isa = PBXFileReference; includeInIndex = 1; lastKnownFileType = text.xcconfig; name = "Pods-GBMap.release.xcconfig"; path = "Target Support Files/Pods-GBMap/Pods-GBMap.release.xcconfig"; sourceTree = "<group>"; };
/* End PBXFileReference section */

/* Begin PBXFrameworksBuildPhase section */
		7530F30D28353E3100A4796B /* Frameworks */ = {
			isa = PBXFrameworksBuildPhase;
			buildActionMask = 2147483647;
			files = (
				7556EA44283BBAE800950C7C /* Realm in Frameworks */,
				7556EA39283BBA6600950C7C /* GoogleMaps in Frameworks */,
				7556EA46283BBAE800950C7C /* RealmSwift in Frameworks */,
				75A153E0283FBCF2001C4C2A /* PinLayout in Frameworks */,
				7556EA3D283BBA6600950C7C /* GoogleMapsCore in Frameworks */,
				7556EA3F283BBA6600950C7C /* GoogleMapsM4B in Frameworks */,
				7556EA41283BBA6600950C7C /* GooglePlaces in Frameworks */,
				7556EA3B283BBA6600950C7C /* GoogleMapsBase in Frameworks */,
				DD0EF633716F3B66D0A9F9CA /* Pods_GBMap.framework in Frameworks */,
			);
			runOnlyForDeploymentPostprocessing = 0;
		};
/* End PBXFrameworksBuildPhase section */

/* Begin PBXGroup section */
		681778F782D21249505A2002 /* Pods */ = {
			isa = PBXGroup;
			children = (
				2CB497D70952DB637DCC2EE6 /* Pods-GBMap.debug.xcconfig */,
				BC033ED0D5C7D4B07CCBAB3C /* Pods-GBMap.release.xcconfig */,
			);
			path = Pods;
			sourceTree = "<group>";
		};
		7530F30728353E3100A4796B = {
			isa = PBXGroup;
			children = (
				7530F31228353E3100A4796B /* GBMap */,
				7530F31128353E3100A4796B /* Products */,
				681778F782D21249505A2002 /* Pods */,
				A42A307360901E05A38E9C08 /* Frameworks */,
			);
			sourceTree = "<group>";
		};
		7530F31128353E3100A4796B /* Products */ = {
			isa = PBXGroup;
			children = (
				7530F31028353E3100A4796B /* GBMap.app */,
			);
			name = Products;
			sourceTree = "<group>";
		};
		7530F31228353E3100A4796B /* GBMap */ = {
			isa = PBXGroup;
			children = (
				75A153BF283FBAB7001C4C2A /* App */,
				75A153A8283FB9D5001C4C2A /* BusinessLogic */,
				75A153C0283FBAE0001C4C2A /* Entity */,
				75A153C6283FBB0F001C4C2A /* Flows */,
				75A153BA283FBA8D001C4C2A /* Core */,
				7530F31C28353E3200A4796B /* Assets.xcassets */,
				7530F31E28353E3200A4796B /* LaunchScreen.storyboard */,
				7530F32128353E3200A4796B /* Info.plist */,
			);
			path = GBMap;
			sourceTree = "<group>";
		};
		75A153A8283FB9D5001C4C2A /* BusinessLogic */ = {
			isa = PBXGroup;
			children = (
				75A153AB283FB9F6001C4C2A /* UserManager */,
				7556EA31283BB8A600950C7C /* RealmService.swift */,
				7556EA33283BB8C200950C7C /* LocalRouteFactory.swift */,
			);
			path = BusinessLogic;
			sourceTree = "<group>";
		};
		75A153AB283FB9F6001C4C2A /* UserManager */ = {
			isa = PBXGroup;
			children = (
				75A153AC283FBA03001C4C2A /* AbstractUserManager.swift */,
				75A153AE283FBA0D001C4C2A /* RealmUserManager.swift */,
				75A153B0283FBA14001C4C2A /* UserManagerFactory.swift */,
			);
			path = UserManager;
			sourceTree = "<group>";
		};
		75A153B2283FBA45001C4C2A /* Map */ = {
			isa = PBXGroup;
			children = (
				7530F31728353E3100A4796B /* MapViewController.swift */,
				75A153B3283FBA56001C4C2A /* Map.storyboard */,
			);
			path = Map;
			sourceTree = "<group>";
		};
		75A153B5283FBA60001C4C2A /* Main */ = {
			isa = PBXGroup;
			children = (
				7530F31928353E3100A4796B /* Main.storyboard */,
				75A153B6283FBA6A001C4C2A /* MainViewController.swift */,
				75A153B8283FBA72001C4C2A /* MainRouter.swift */,
			);
			path = Main;
			sourceTree = "<group>";
		};
		75A153BA283FBA8D001C4C2A /* Core */ = {
			isa = PBXGroup;
			children = (
				75A153BB283FBA99001C4C2A /* Extensions */,
			);
			path = Core;
			sourceTree = "<group>";
		};
		75A153BB283FBA99001C4C2A /* Extensions */ = {
			isa = PBXGroup;
			children = (
				75A153BD283FBAAB001C4C2A /* ViewControllerNavigationExtension.swift */,
				75A153E1283FBCF9001C4C2A /* GMSMapViewExtension.swift */,
			);
			path = Extensions;
			sourceTree = "<group>";
		};
		75A153BF283FBAB7001C4C2A /* App */ = {
			isa = PBXGroup;
			children = (
				7530F31328353E3100A4796B /* AppDelegate.swift */,
				7530F31528353E3100A4796B /* SceneDelegate.swift */,
				75C6A02D28478EA4001BAE09 /* AppKeyConstans.swift */,
			);
			path = App;
			sourceTree = "<group>";
		};
		75A153C0283FBAE0001C4C2A /* Entity */ = {
			isa = PBXGroup;
			children = (
				7556EA35283BB8D400950C7C /* Coordinate.swift */,
				75A153C2283FBAF6001C4C2A /* BaseRouter.swift */,
				75A153C4283FBB02001C4C2A /* User.swift */,
			);
			path = Entity;
			sourceTree = "<group>";
		};
		75A153C6283FBB0F001C4C2A /* Flows */ = {
			isa = PBXGroup;
			children = (
				75A153C7283FBB76001C4C2A /* Login */,
				75A153D0283FBBB1001C4C2A /* Registration */,
				75A153D1283FBBC2001C4C2A /* Recovery */,
				75A153B5283FBA60001C4C2A /* Main */,
				75A153B2283FBA45001C4C2A /* Map */,
			);
			path = Flows;
			sourceTree = "<group>";
		};
		75A153C7283FBB76001C4C2A /* Login */ = {
			isa = PBXGroup;
			children = (
				75A153C9283FBB86001C4C2A /* Login.storyboard */,
				75A153CC283FBB99001C4C2A /* LoginViewController.swift */,
				75A153CE283FBBA7001C4C2A /* LoginRouter.swift */,
			);
			path = Login;
			sourceTree = "<group>";
		};
		75A153D0283FBBB1001C4C2A /* Registration */ = {
			isa = PBXGroup;
			children = (
				75A153D2283FBC2F001C4C2A /* Registration.storyboard */,
				75A153D4283FBC40001C4C2A /* RegistrationViewController.swift */,
				75A153D6283FBC4E001C4C2A /* RegistrationRouter.swift */,
			);
			path = Registration;
			sourceTree = "<group>";
		};
		75A153D1283FBBC2001C4C2A /* Recovery */ = {
			isa = PBXGroup;
			children = (
				75A153D8283FBC5F001C4C2A /* Recovery.storyboard */,
				75A153DA283FBC6E001C4C2A /* RecoveryViewController.swift */,
				75A153DC283FBC7C001C4C2A /* RecoveryRouter.swift */,
			);
			path = Recovery;
			sourceTree = "<group>";
		};
		A42A307360901E05A38E9C08 /* Frameworks */ = {
			isa = PBXGroup;
			children = (
				713A055DE7542DEEBBF32BF6 /* Pods_GBMap.framework */,
			);
			name = Frameworks;
			sourceTree = "<group>";
		};
/* End PBXGroup section */

/* Begin PBXNativeTarget section */
		7530F30F28353E3100A4796B /* GBMap */ = {
			isa = PBXNativeTarget;
			buildConfigurationList = 7530F32428353E3200A4796B /* Build configuration list for PBXNativeTarget "GBMap" */;
			buildPhases = (
				C74A46DB9CE1BAA4BA6FE054 /* [CP] Check Pods Manifest.lock */,
				7530F30C28353E3100A4796B /* Sources */,
				7530F30D28353E3100A4796B /* Frameworks */,
				7530F30E28353E3100A4796B /* Resources */,
				D7AF6E443048FA1FAF9BAEB0 /* [CP] Embed Pods Frameworks */,
				665F2089C578B9671A85FE4E /* [CP] Copy Pods Resources */,
			);
			buildRules = (
			);
			dependencies = (
			);
			name = GBMap;
			packageProductDependencies = (
				7556EA38283BBA6600950C7C /* GoogleMaps */,
				7556EA3A283BBA6600950C7C /* GoogleMapsBase */,
				7556EA3C283BBA6600950C7C /* GoogleMapsCore */,
				7556EA3E283BBA6600950C7C /* GoogleMapsM4B */,
				7556EA40283BBA6600950C7C /* GooglePlaces */,
				7556EA43283BBAE800950C7C /* Realm */,
				7556EA45283BBAE800950C7C /* RealmSwift */,
				75A153DF283FBCF2001C4C2A /* PinLayout */,
			);
			productName = GBMap;
			productReference = 7530F31028353E3100A4796B /* GBMap.app */;
			productType = "com.apple.product-type.application";
		};
/* End PBXNativeTarget section */

/* Begin PBXProject section */
		7530F30828353E3100A4796B /* Project object */ = {
			isa = PBXProject;
			attributes = {
				BuildIndependentTargetsInParallel = 1;
				LastSwiftUpdateCheck = 1330;
				LastUpgradeCheck = 1330;
				TargetAttributes = {
					7530F30F28353E3100A4796B = {
						CreatedOnToolsVersion = 13.3.1;
					};
				};
			};
			buildConfigurationList = 7530F30B28353E3100A4796B /* Build configuration list for PBXProject "GBMap" */;
			compatibilityVersion = "Xcode 13.0";
			developmentRegion = en;
			hasScannedForEncodings = 0;
			knownRegions = (
				en,
				Base,
			);
			mainGroup = 7530F30728353E3100A4796B;
			packageReferences = (
				7556EA37283BBA6600950C7C /* XCRemoteSwiftPackageReference "GoogleMaps-SP" */,
				7556EA42283BBAE800950C7C /* XCRemoteSwiftPackageReference "realm-swift" */,
				75A153DE283FBCF2001C4C2A /* XCRemoteSwiftPackageReference "PinLayout" */,
			);
			productRefGroup = 7530F31128353E3100A4796B /* Products */;
			projectDirPath = "";
			projectRoot = "";
			targets = (
				7530F30F28353E3100A4796B /* GBMap */,
			);
		};
/* End PBXProject section */

/* Begin PBXResourcesBuildPhase section */
		7530F30E28353E3100A4796B /* Resources */ = {
			isa = PBXResourcesBuildPhase;
			buildActionMask = 2147483647;
			files = (
				7530F32028353E3200A4796B /* LaunchScreen.storyboard in Resources */,
				75A153D3283FBC2F001C4C2A /* Registration.storyboard in Resources */,
				7530F31D28353E3200A4796B /* Assets.xcassets in Resources */,
				7530F31B28353E3100A4796B /* Main.storyboard in Resources */,
				75A153CA283FBB86001C4C2A /* Login.storyboard in Resources */,
				75A153B4283FBA56001C4C2A /* Map.storyboard in Resources */,
				75A153D9283FBC5F001C4C2A /* Recovery.storyboard in Resources */,
			);
			runOnlyForDeploymentPostprocessing = 0;
		};
/* End PBXResourcesBuildPhase section */

/* Begin PBXShellScriptBuildPhase section */
		665F2089C578B9671A85FE4E /* [CP] Copy Pods Resources */ = {
			isa = PBXShellScriptBuildPhase;
			buildActionMask = 2147483647;
			files = (
			);
			inputFileListPaths = (
				"${PODS_ROOT}/Target Support Files/Pods-GBMap/Pods-GBMap-resources-${CONFIGURATION}-input-files.xcfilelist",
			);
			name = "[CP] Copy Pods Resources";
			outputFileListPaths = (
				"${PODS_ROOT}/Target Support Files/Pods-GBMap/Pods-GBMap-resources-${CONFIGURATION}-output-files.xcfilelist",
			);
			runOnlyForDeploymentPostprocessing = 0;
			shellPath = /bin/sh;
			shellScript = "\"${PODS_ROOT}/Target Support Files/Pods-GBMap/Pods-GBMap-resources.sh\"\n";
			showEnvVarsInLog = 0;
		};
		C74A46DB9CE1BAA4BA6FE054 /* [CP] Check Pods Manifest.lock */ = {
			isa = PBXShellScriptBuildPhase;
			buildActionMask = 2147483647;
			files = (
			);
			inputFileListPaths = (
			);
			inputPaths = (
				"${PODS_PODFILE_DIR_PATH}/Podfile.lock",
				"${PODS_ROOT}/Manifest.lock",
			);
			name = "[CP] Check Pods Manifest.lock";
			outputFileListPaths = (
			);
			outputPaths = (
				"$(DERIVED_FILE_DIR)/Pods-GBMap-checkManifestLockResult.txt",
			);
			runOnlyForDeploymentPostprocessing = 0;
			shellPath = /bin/sh;
			shellScript = "diff \"${PODS_PODFILE_DIR_PATH}/Podfile.lock\" \"${PODS_ROOT}/Manifest.lock\" > /dev/null\nif [ $? != 0 ] ; then\n    # print error to STDERR\n    echo \"error: The sandbox is not in sync with the Podfile.lock. Run 'pod install' or update your CocoaPods installation.\" >&2\n    exit 1\nfi\n# This output is used by Xcode 'outputs' to avoid re-running this script phase.\necho \"SUCCESS\" > \"${SCRIPT_OUTPUT_FILE_0}\"\n";
			showEnvVarsInLog = 0;
		};
		D7AF6E443048FA1FAF9BAEB0 /* [CP] Embed Pods Frameworks */ = {
			isa = PBXShellScriptBuildPhase;
			buildActionMask = 2147483647;
			files = (
			);
			inputFileListPaths = (
				"${PODS_ROOT}/Target Support Files/Pods-GBMap/Pods-GBMap-frameworks-${CONFIGURATION}-input-files.xcfilelist",
			);
			name = "[CP] Embed Pods Frameworks";
			outputFileListPaths = (
				"${PODS_ROOT}/Target Support Files/Pods-GBMap/Pods-GBMap-frameworks-${CONFIGURATION}-output-files.xcfilelist",
			);
			runOnlyForDeploymentPostprocessing = 0;
			shellPath = /bin/sh;
			shellScript = "\"${PODS_ROOT}/Target Support Files/Pods-GBMap/Pods-GBMap-frameworks.sh\"\n";
			showEnvVarsInLog = 0;
		};
/* End PBXShellScriptBuildPhase section */

/* Begin PBXSourcesBuildPhase section */
		7530F30C28353E3100A4796B /* Sources */ = {
			isa = PBXSourcesBuildPhase;
			buildActionMask = 2147483647;
			files = (
				7556EA34283BB8C200950C7C /* LocalRouteFactory.swift in Sources */,
				75A153B7283FBA6A001C4C2A /* MainViewController.swift in Sources */,
				7530F31828353E3100A4796B /* MapViewController.swift in Sources */,
				75A153CD283FBB99001C4C2A /* LoginViewController.swift in Sources */,
				75A153AD283FBA03001C4C2A /* AbstractUserManager.swift in Sources */,
				75A153D7283FBC4E001C4C2A /* RegistrationRouter.swift in Sources */,
				75A153DB283FBC6E001C4C2A /* RecoveryViewController.swift in Sources */,
				75A153DD283FBC7C001C4C2A /* RecoveryRouter.swift in Sources */,
				75C6A02E28478EA4001BAE09 /* AppKeyConstans.swift in Sources */,
				75A153B1283FBA14001C4C2A /* UserManagerFactory.swift in Sources */,
				75A153CF283FBBA7001C4C2A /* LoginRouter.swift in Sources */,
				75A153B9283FBA73001C4C2A /* MainRouter.swift in Sources */,
				75A153D5283FBC40001C4C2A /* RegistrationViewController.swift in Sources */,
				7530F31428353E3100A4796B /* AppDelegate.swift in Sources */,
				7530F31628353E3100A4796B /* SceneDelegate.swift in Sources */,
				75A153C5283FBB02001C4C2A /* User.swift in Sources */,
				75A153BE283FBAAB001C4C2A /* ViewControllerNavigationExtension.swift in Sources */,
				75A153C3283FBAF6001C4C2A /* BaseRouter.swift in Sources */,
				75A153E2283FBCF9001C4C2A /* GMSMapViewExtension.swift in Sources */,
				7556EA32283BB8A600950C7C /* RealmService.swift in Sources */,
				7556EA36283BB8D400950C7C /* Coordinate.swift in Sources */,
				75A153AF283FBA0D001C4C2A /* RealmUserManager.swift in Sources */,
			);
			runOnlyForDeploymentPostprocessing = 0;
		};
/* End PBXSourcesBuildPhase section */

/* Begin PBXVariantGroup section */
		7530F31928353E3100A4796B /* Main.storyboard */ = {
			isa = PBXVariantGroup;
			children = (
				7530F31A28353E3100A4796B /* Base */,
			);
			name = Main.storyboard;
			sourceTree = "<group>";
		};
		7530F31E28353E3200A4796B /* LaunchScreen.storyboard */ = {
			isa = PBXVariantGroup;
			children = (
				7530F31F28353E3200A4796B /* Base */,
			);
			name = LaunchScreen.storyboard;
			sourceTree = "<group>";
		};
/* End PBXVariantGroup section */

/* Begin XCBuildConfiguration section */
		7530F32228353E3200A4796B /* Debug */ = {
			isa = XCBuildConfiguration;
			buildSettings = {
				ALWAYS_SEARCH_USER_PATHS = NO;
				CLANG_ANALYZER_NONNULL = YES;
				CLANG_ANALYZER_NUMBER_OBJECT_CONVERSION = YES_AGGRESSIVE;
				CLANG_CXX_LANGUAGE_STANDARD = "gnu++17";
				CLANG_ENABLE_MODULES = YES;
				CLANG_ENABLE_OBJC_ARC = YES;
				CLANG_ENABLE_OBJC_WEAK = YES;
				CLANG_WARN_BLOCK_CAPTURE_AUTORELEASING = YES;
				CLANG_WARN_BOOL_CONVERSION = YES;
				CLANG_WARN_COMMA = YES;
				CLANG_WARN_CONSTANT_CONVERSION = YES;
				CLANG_WARN_DEPRECATED_OBJC_IMPLEMENTATIONS = YES;
				CLANG_WARN_DIRECT_OBJC_ISA_USAGE = YES_ERROR;
				CLANG_WARN_DOCUMENTATION_COMMENTS = YES;
				CLANG_WARN_EMPTY_BODY = YES;
				CLANG_WARN_ENUM_CONVERSION = YES;
				CLANG_WARN_INFINITE_RECURSION = YES;
				CLANG_WARN_INT_CONVERSION = YES;
				CLANG_WARN_NON_LITERAL_NULL_CONVERSION = YES;
				CLANG_WARN_OBJC_IMPLICIT_RETAIN_SELF = YES;
				CLANG_WARN_OBJC_LITERAL_CONVERSION = YES;
				CLANG_WARN_OBJC_ROOT_CLASS = YES_ERROR;
				CLANG_WARN_QUOTED_INCLUDE_IN_FRAMEWORK_HEADER = YES;
				CLANG_WARN_RANGE_LOOP_ANALYSIS = YES;
				CLANG_WARN_STRICT_PROTOTYPES = YES;
				CLANG_WARN_SUSPICIOUS_MOVE = YES;
				CLANG_WARN_UNGUARDED_AVAILABILITY = YES_AGGRESSIVE;
				CLANG_WARN_UNREACHABLE_CODE = YES;
				CLANG_WARN__DUPLICATE_METHOD_MATCH = YES;
				COPY_PHASE_STRIP = NO;
				DEBUG_INFORMATION_FORMAT = dwarf;
				ENABLE_STRICT_OBJC_MSGSEND = YES;
				ENABLE_TESTABILITY = YES;
				EXCLUDED_ARCHS = arm64;
				GCC_C_LANGUAGE_STANDARD = gnu11;
				GCC_DYNAMIC_NO_PIC = NO;
				GCC_NO_COMMON_BLOCKS = YES;
				GCC_OPTIMIZATION_LEVEL = 0;
				GCC_PREPROCESSOR_DEFINITIONS = (
					"DEBUG=1",
					"$(inherited)",
				);
				GCC_WARN_64_TO_32_BIT_CONVERSION = YES;
				GCC_WARN_ABOUT_RETURN_TYPE = YES_ERROR;
				GCC_WARN_UNDECLARED_SELECTOR = YES;
				GCC_WARN_UNINITIALIZED_AUTOS = YES_AGGRESSIVE;
				GCC_WARN_UNUSED_FUNCTION = YES;
				GCC_WARN_UNUSED_VARIABLE = YES;
				IPHONEOS_DEPLOYMENT_TARGET = 15.4;
				MTL_ENABLE_DEBUG_INFO = INCLUDE_SOURCE;
				MTL_FAST_MATH = YES;
				ONLY_ACTIVE_ARCH = YES;
				SDKROOT = iphoneos;
				SWIFT_ACTIVE_COMPILATION_CONDITIONS = DEBUG;
				SWIFT_OPTIMIZATION_LEVEL = "-Onone";
			};
			name = Debug;
		};
		7530F32328353E3200A4796B /* Release */ = {
			isa = XCBuildConfiguration;
			buildSettings = {
				ALWAYS_SEARCH_USER_PATHS = NO;
				CLANG_ANALYZER_NONNULL = YES;
				CLANG_ANALYZER_NUMBER_OBJECT_CONVERSION = YES_AGGRESSIVE;
				CLANG_CXX_LANGUAGE_STANDARD = "gnu++17";
				CLANG_ENABLE_MODULES = YES;
				CLANG_ENABLE_OBJC_ARC = YES;
				CLANG_ENABLE_OBJC_WEAK = YES;
				CLANG_WARN_BLOCK_CAPTURE_AUTORELEASING = YES;
				CLANG_WARN_BOOL_CONVERSION = YES;
				CLANG_WARN_COMMA = YES;
				CLANG_WARN_CONSTANT_CONVERSION = YES;
				CLANG_WARN_DEPRECATED_OBJC_IMPLEMENTATIONS = YES;
				CLANG_WARN_DIRECT_OBJC_ISA_USAGE = YES_ERROR;
				CLANG_WARN_DOCUMENTATION_COMMENTS = YES;
				CLANG_WARN_EMPTY_BODY = YES;
				CLANG_WARN_ENUM_CONVERSION = YES;
				CLANG_WARN_INFINITE_RECURSION = YES;
				CLANG_WARN_INT_CONVERSION = YES;
				CLANG_WARN_NON_LITERAL_NULL_CONVERSION = YES;
				CLANG_WARN_OBJC_IMPLICIT_RETAIN_SELF = YES;
				CLANG_WARN_OBJC_LITERAL_CONVERSION = YES;
				CLANG_WARN_OBJC_ROOT_CLASS = YES_ERROR;
				CLANG_WARN_QUOTED_INCLUDE_IN_FRAMEWORK_HEADER = YES;
				CLANG_WARN_RANGE_LOOP_ANALYSIS = YES;
				CLANG_WARN_STRICT_PROTOTYPES = YES;
				CLANG_WARN_SUSPICIOUS_MOVE = YES;
				CLANG_WARN_UNGUARDED_AVAILABILITY = YES_AGGRESSIVE;
				CLANG_WARN_UNREACHABLE_CODE = YES;
				CLANG_WARN__DUPLICATE_METHOD_MATCH = YES;
				COPY_PHASE_STRIP = NO;
				DEBUG_INFORMATION_FORMAT = "dwarf-with-dsym";
				ENABLE_NS_ASSERTIONS = NO;
				ENABLE_STRICT_OBJC_MSGSEND = YES;
				EXCLUDED_ARCHS = arm64;
				GCC_C_LANGUAGE_STANDARD = gnu11;
				GCC_NO_COMMON_BLOCKS = YES;
				GCC_WARN_64_TO_32_BIT_CONVERSION = YES;
				GCC_WARN_ABOUT_RETURN_TYPE = YES_ERROR;
				GCC_WARN_UNDECLARED_SELECTOR = YES;
				GCC_WARN_UNINITIALIZED_AUTOS = YES_AGGRESSIVE;
				GCC_WARN_UNUSED_FUNCTION = YES;
				GCC_WARN_UNUSED_VARIABLE = YES;
				IPHONEOS_DEPLOYMENT_TARGET = 15.4;
				MTL_ENABLE_DEBUG_INFO = NO;
				MTL_FAST_MATH = YES;
				SDKROOT = iphoneos;
				SWIFT_COMPILATION_MODE = wholemodule;
				SWIFT_OPTIMIZATION_LEVEL = "-O";
				VALIDATE_PRODUCT = YES;
			};
			name = Release;
		};
		7530F32528353E3200A4796B /* Debug */ = {
			isa = XCBuildConfiguration;
			baseConfigurationReference = 2CB497D70952DB637DCC2EE6 /* Pods-GBMap.debug.xcconfig */;
			buildSettings = {
				ASSETCATALOG_COMPILER_APPICON_NAME = AppIcon;
				ASSETCATALOG_COMPILER_GLOBAL_ACCENT_COLOR_NAME = AccentColor;
				CODE_SIGN_STYLE = Automatic;
				CURRENT_PROJECT_VERSION = 1;
				DEVELOPMENT_TEAM = 3NDPBHQ9PJ;
				GENERATE_INFOPLIST_FILE = YES;
				INFOPLIST_FILE = GBMap/Info.plist;
				INFOPLIST_KEY_UIApplicationSupportsIndirectInputEvents = YES;
				INFOPLIST_KEY_UILaunchStoryboardName = LaunchScreen;
				INFOPLIST_KEY_UIMainStoryboardFile = Main;
				INFOPLIST_KEY_UISupportedInterfaceOrientations_iPad = "UIInterfaceOrientationPortrait UIInterfaceOrientationPortraitUpsideDown UIInterfaceOrientationLandscapeLeft UIInterfaceOrientationLandscapeRight";
				INFOPLIST_KEY_UISupportedInterfaceOrientations_iPhone = "UIInterfaceOrientationPortrait UIInterfaceOrientationLandscapeLeft UIInterfaceOrientationLandscapeRight";
				IPHONEOS_DEPLOYMENT_TARGET = 13.0;
				LD_RUNPATH_SEARCH_PATHS = (
					"$(inherited)",
					"@executable_path/Frameworks",
				);
				MARKETING_VERSION = 1.0;
				PRODUCT_BUNDLE_IDENTIFIER = ru.ArturDokhno.GBMap;
				PRODUCT_NAME = "$(TARGET_NAME)";
				SWIFT_EMIT_LOC_STRINGS = YES;
				SWIFT_VERSION = 5.0;
				TARGETED_DEVICE_FAMILY = 1;
			};
			name = Debug;
		};
		7530F32628353E3200A4796B /* Release */ = {
			isa = XCBuildConfiguration;
			baseConfigurationReference = BC033ED0D5C7D4B07CCBAB3C /* Pods-GBMap.release.xcconfig */;
			buildSettings = {
				ASSETCATALOG_COMPILER_APPICON_NAME = AppIcon;
				ASSETCATALOG_COMPILER_GLOBAL_ACCENT_COLOR_NAME = AccentColor;
				CODE_SIGN_STYLE = Automatic;
				CURRENT_PROJECT_VERSION = 1;
				DEVELOPMENT_TEAM = 3NDPBHQ9PJ;
				GENERATE_INFOPLIST_FILE = YES;
				INFOPLIST_FILE = GBMap/Info.plist;
				INFOPLIST_KEY_UIApplicationSupportsIndirectInputEvents = YES;
				INFOPLIST_KEY_UILaunchStoryboardName = LaunchScreen;
				INFOPLIST_KEY_UIMainStoryboardFile = Main;
				INFOPLIST_KEY_UISupportedInterfaceOrientations_iPad = "UIInterfaceOrientationPortrait UIInterfaceOrientationPortraitUpsideDown UIInterfaceOrientationLandscapeLeft UIInterfaceOrientationLandscapeRight";
				INFOPLIST_KEY_UISupportedInterfaceOrientations_iPhone = "UIInterfaceOrientationPortrait UIInterfaceOrientationLandscapeLeft UIInterfaceOrientationLandscapeRight";
				IPHONEOS_DEPLOYMENT_TARGET = 13.0;
				LD_RUNPATH_SEARCH_PATHS = (
					"$(inherited)",
					"@executable_path/Frameworks",
				);
				MARKETING_VERSION = 1.0;
				PRODUCT_BUNDLE_IDENTIFIER = ru.ArturDokhno.GBMap;
				PRODUCT_NAME = "$(TARGET_NAME)";
				SWIFT_EMIT_LOC_STRINGS = YES;
				SWIFT_VERSION = 5.0;
				TARGETED_DEVICE_FAMILY = 1;
			};
			name = Release;
		};
/* End XCBuildConfiguration section */

/* Begin XCConfigurationList section */
		7530F30B28353E3100A4796B /* Build configuration list for PBXProject "GBMap" */ = {
			isa = XCConfigurationList;
			buildConfigurations = (
				7530F32228353E3200A4796B /* Debug */,
				7530F32328353E3200A4796B /* Release */,
			);
			defaultConfigurationIsVisible = 0;
			defaultConfigurationName = Release;
		};
		7530F32428353E3200A4796B /* Build configuration list for PBXNativeTarget "GBMap" */ = {
			isa = XCConfigurationList;
			buildConfigurations = (
				7530F32528353E3200A4796B /* Debug */,
				7530F32628353E3200A4796B /* Release */,
			);
			defaultConfigurationIsVisible = 0;
			defaultConfigurationName = Release;
		};
/* End XCConfigurationList section */

/* Begin XCRemoteSwiftPackageReference section */
		7556EA37283BBA6600950C7C /* XCRemoteSwiftPackageReference "GoogleMaps-SP" */ = {
			isa = XCRemoteSwiftPackageReference;
			repositoryURL = "https://github.com/YAtechnologies/GoogleMaps-SP.git";
			requirement = {
				branch = main;
				kind = branch;
			};
		};
		7556EA42283BBAE800950C7C /* XCRemoteSwiftPackageReference "realm-swift" */ = {
			isa = XCRemoteSwiftPackageReference;
			repositoryURL = "https://github.com/realm/realm-swift";
			requirement = {
				branch = master;
				kind = branch;
			};
		};
		75A153DE283FBCF2001C4C2A /* XCRemoteSwiftPackageReference "PinLayout" */ = {
			isa = XCRemoteSwiftPackageReference;
			repositoryURL = "https://github.com/layoutBox/PinLayout";
			requirement = {
				kind = upToNextMajorVersion;
				minimumVersion = 1.0.0;
			};
		};
/* End XCRemoteSwiftPackageReference section */

/* Begin XCSwiftPackageProductDependency section */
		7556EA38283BBA6600950C7C /* GoogleMaps */ = {
			isa = XCSwiftPackageProductDependency;
			package = 7556EA37283BBA6600950C7C /* XCRemoteSwiftPackageReference "GoogleMaps-SP" */;
			productName = GoogleMaps;
		};
		7556EA3A283BBA6600950C7C /* GoogleMapsBase */ = {
			isa = XCSwiftPackageProductDependency;
			package = 7556EA37283BBA6600950C7C /* XCRemoteSwiftPackageReference "GoogleMaps-SP" */;
			productName = GoogleMapsBase;
		};
		7556EA3C283BBA6600950C7C /* GoogleMapsCore */ = {
			isa = XCSwiftPackageProductDependency;
			package = 7556EA37283BBA6600950C7C /* XCRemoteSwiftPackageReference "GoogleMaps-SP" */;
			productName = GoogleMapsCore;
		};
		7556EA3E283BBA6600950C7C /* GoogleMapsM4B */ = {
			isa = XCSwiftPackageProductDependency;
			package = 7556EA37283BBA6600950C7C /* XCRemoteSwiftPackageReference "GoogleMaps-SP" */;
			productName = GoogleMapsM4B;
		};
		7556EA40283BBA6600950C7C /* GooglePlaces */ = {
			isa = XCSwiftPackageProductDependency;
			package = 7556EA37283BBA6600950C7C /* XCRemoteSwiftPackageReference "GoogleMaps-SP" */;
			productName = GooglePlaces;
		};
		7556EA43283BBAE800950C7C /* Realm */ = {
			isa = XCSwiftPackageProductDependency;
			package = 7556EA42283BBAE800950C7C /* XCRemoteSwiftPackageReference "realm-swift" */;
			productName = Realm;
		};
		7556EA45283BBAE800950C7C /* RealmSwift */ = {
			isa = XCSwiftPackageProductDependency;
			package = 7556EA42283BBAE800950C7C /* XCRemoteSwiftPackageReference "realm-swift" */;
			productName = RealmSwift;
		};
		75A153DF283FBCF2001C4C2A /* PinLayout */ = {
			isa = XCSwiftPackageProductDependency;
			package = 75A153DE283FBCF2001C4C2A /* XCRemoteSwiftPackageReference "PinLayout" */;
			productName = PinLayout;
		};
/* End XCSwiftPackageProductDependency section */
	};
	rootObject = 7530F30828353E3100A4796B /* Project object */;
}
